# THIS IS AN AUTOGENERATED FILE. DO NOT EDIT THIS FILE DIRECTLY.
# yarn lockfile v1


moment@^2.29.1:
  version "2.29.1"
  resolved "https://registry.npm.taobao.org/moment/download/moment-2.29.1.tgz#b2be769fa31940be9eeea6469c075e35006fa3d3"
  integrity sha1-sr52n6MZQL6e7qZGnAdeNQBvo9M=

pubsub-js@^1.9.3:
  version "1.9.3"
  resolved "https://registry.npm.taobao.org/pubsub-js/download/pubsub-js-1.9.3.tgz#674eea4d568d0402e0527cdb10e2aab7b55621d2"
  integrity sha1-Z07qTVaNBALgUnzbEOKqt7VWIdI=
